// !$*UTF8*$!
{
	archiveVersion = 1;
	classes = {
	};
	objectVersion = 55;
	objects = {

/* Begin PBXBuildFile section */
		9976BB56273D044C0076FD42 /* CustomCameraPhotoViewApp.swift in Sources */ = {isa = PBXBuildFile; fileRef = 9976BB55273D044C0076FD42 /* CustomCameraPhotoViewApp.swift */; };
		9976BB58273D044C0076FD42 /* ContentView.swift in Sources */ = {isa = PBXBuildFile; fileRef = 9976BB57273D044C0076FD42 /* ContentView.swift */; };
		9976BB5A273D04500076FD42 /* Assets.xcassets in Resources */ = {isa = PBXBuildFile; fileRef = 9976BB59273D04500076FD42 /* Assets.xcassets */; };
		9976BB5D273D04500076FD42 /* Preview Assets.xcassets in Resources */ = {isa = PBXBuildFile; fileRef = 9976BB5C273D04500076FD42 /* Preview Assets.xcassets */; };
		9976BB67273D04510076FD42 /* CustomCameraPhotoViewTests.swift in Sources */ = {isa = PBXBuildFile; fileRef = 9976BB66273D04510076FD42 /* CustomCameraPhotoViewTests.swift */; };
		9976BB71273D04510076FD42 /* CustomCameraPhotoViewUITests.swift in Sources */ = {isa = PBXBuildFile; fileRef = 9976BB70273D04510076FD42 /* CustomCameraPhotoViewUITests.swift */; };
		9976BB73273D04510076FD42 /* CustomCameraPhotoViewUITestsLaunchTests.swift in Sources */ = {isa = PBXBuildFile; fileRef = 9976BB72273D04510076FD42 /* CustomCameraPhotoViewUITestsLaunchTests.swift */; };
/* End PBXBuildFile section */

/* Begin PBXContainerItemProxy section */
		9976BB63273D04510076FD42 /* PBXContainerItemProxy */ = {
			isa = PBXContainerItemProxy;
			containerPortal = 9976BB4A273D044C0076FD42 /* Project object */;
			proxyType = 1;
			remoteGlobalIDString = 9976BB51273D044C0076FD42;
			remoteInfo = CustomCameraPhotoView;
		};
		9976BB6D273D04510076FD42 /* PBXContainerItemProxy */ = {
			isa = PBXContainerItemProxy;
			containerPortal = 9976BB4A273D044C0076FD42 /* Project object */;
			proxyType = 1;
			remoteGlobalIDString = 9976BB51273D044C0076FD42;
			remoteInfo = CustomCameraPhotoView;
		};
/* End PBXContainerItemProxy section */

/* Begin PBXFileReference section */
		9976BB52273D044C0076FD42 /* CustomCameraPhotoView.app */ = {isa = PBXFileReference; explicitFileType = wrapper.application; includeInIndex = 0; path = CustomCameraPhotoView.app; sourceTree = BUILT_PRODUCTS_DIR; };
		9976BB55273D044C0076FD42 /* CustomCameraPhotoViewApp.swift */ = {isa = PBXFileReference; lastKnownFileType = sourcecode.swift; path = CustomCameraPhotoViewApp.swift; sourceTree = "<group>"; };
		9976BB57273D044C0076FD42 /* ContentView.swift */ = {isa = PBXFileReference; lastKnownFileType = sourcecode.swift; path = ContentView.swift; sourceTree = "<group>"; };
		9976BB59273D04500076FD42 /* Assets.xcassets */ = {isa = PBXFileReference; lastKnownFileType = folder.assetcatalog; path = Assets.xcassets; sourceTree = "<group>"; };
		9976BB5C273D04500076FD42 /* Preview Assets.xcassets */ = {isa = PBXFileReference; lastKnownFileType = folder.assetcatalog; path = "Preview Assets.xcassets"; sourceTree = "<group>"; };
		9976BB62273D04510076FD42 /* CustomCameraPhotoViewTests.xctest */ = {isa = PBXFileReference; explicitFileType = wrapper.cfbundle; includeInIndex = 0; path = CustomCameraPhotoViewTests.xctest; sourceTree = BUILT_PRODUCTS_DIR; };
		9976BB66273D04510076FD42 /* CustomCameraPhotoViewTests.swift */ = {isa = PBXFileReference; lastKnownFileType = sourcecode.swift; path = CustomCameraPhotoViewTests.swift; sourceTree = "<group>"; };
		9976BB6C273D04510076FD42 /* CustomCameraPhotoViewUITests.xctest */ = {isa = PBXFileReference; explicitFileType = wrapper.cfbundle; includeInIndex = 0; path = CustomCameraPhotoViewUITests.xctest; sourceTree = BUILT_PRODUCTS_DIR; };
		9976BB70273D04510076FD42 /* CustomCameraPhotoViewUITests.swift */ = {isa = PBXFileReference; lastKnownFileType = sourcecode.swift; path = CustomCameraPhotoViewUITests.swift; sourceTree = "<group>"; };
		9976BB72273D04510076FD42 /* CustomCameraPhotoViewUITestsLaunchTests.swift */ = {isa = PBXFileReference; lastKnownFileType = sourcecode.swift; path = CustomCameraPhotoViewUITestsLaunchTests.swift; sourceTree = "<group>"; };
/* End PBXFileReference section */

/* Begin PBXFrameworksBuildPhase section */
		9976BB4F273D044C0076FD42 /* Frameworks */ = {
			isa = PBXFrameworksBuildPhase;
			buildActionMask = 2147483647;
			files = (
			);
			runOnlyForDeploymentPostprocessing = 0;
		};
		9976BB5F273D04510076FD42 /* Frameworks */ = {
			isa = PBXFrameworksBuildPhase;
			buildActionMask = 2147483647;
			files = (
			);
			runOnlyForDeploymentPostprocessing = 0;
		};
		9976BB69273D04510076FD42 /* Frameworks */ = {
			isa = PBXFrameworksBuildPhase;
			buildActionMask = 2147483647;
			files = (
			);
			runOnlyForDeploymentPostprocessing = 0;
		};
/* End PBXFrameworksBuildPhase section */

/* Begin PBXGroup section */
		9976BB49273D044C0076FD42 = {
			isa = PBXGroup;
			children = (
				9976BB54273D044C0076FD42 /* CustomCameraPhotoView */,
				9976BB65273D04510076FD42 /* CustomCameraPhotoViewTests */,
				9976BB6F273D04510076FD42 /* CustomCameraPhotoViewUITests */,
				9976BB53273D044C0076FD42 /* Products */,
			);
			sourceTree = "<group>";
		};
		9976BB53273D044C0076FD42 /* Products */ = {
			isa = PBXGroup;
			children = (
				9976BB52273D044C0076FD42 /* CustomCameraPhotoView.app */,
				9976BB62273D04510076FD42 /* CustomCameraPhotoViewTests.xctest */,
				9976BB6C273D04510076FD42 /* CustomCameraPhotoViewUITests.xctest */,
			);
			name = Products;
			sourceTree = "<group>";
		};
		9976BB54273D044C0076FD42 /* CustomCameraPhotoView */ = {
			isa = PBXGroup;
			children = (
				9976BB55273D044C0076FD42 /* CustomCameraPhotoViewApp.swift */,
				9976BB57273D044C0076FD42 /* ContentView.swift */,
				9976BB59273D04500076FD42 /* Assets.xcassets */,
				9976BB5B273D04500076FD42 /* Preview Content */,
			);
			path = CustomCameraPhotoView;
			sourceTree = "<group>";
		};
		9976BB5B273D04500076FD42 /* Preview Content */ = {
			isa = PBXGroup;
			children = (
				9976BB5C273D04500076FD42 /* Preview Assets.xcassets */,
			);
			path = "Preview Content";
			sourceTree = "<group>";
		};
		9976BB65273D04510076FD42 /* CustomCameraPhotoViewTests */ = {
			isa = PBXGroup;
			children = (
				9976BB66273D04510076FD42 /* CustomCameraPhotoViewTests.swift */,
			);
			path = CustomCameraPhotoViewTests;
			sourceTree = "<group>";
		};
		9976BB6F273D04510076FD42 /* CustomCameraPhotoViewUITests */ = {
			isa = PBXGroup;
			children = (
				9976BB70273D04510076FD42 /* CustomCameraPhotoViewUITests.swift */,
				9976BB72273D04510076FD42 /* CustomCameraPhotoViewUITestsLaunchTests.swift */,
			);
			path = CustomCameraPhotoViewUITests;
			sourceTree = "<group>";
		};
/* End PBXGroup section */

/* Begin PBXNativeTarget section */
		9976BB51273D044C0076FD42 /* CustomCameraPhotoView */ = {
			isa = PBXNativeTarget;
			buildConfigurationList = 9976BB76273D04510076FD42 /* Build configuration list for PBXNativeTarget "CustomCameraPhotoView" */;
			buildPhases = (
				9976BB4E273D044C0076FD42 /* Sources */,
				9976BB4F273D044C0076FD42 /* Frameworks */,
				9976BB50273D044C0076FD42 /* Resources */,
			);
			buildRules = (
			);
			dependencies = (
			);
			name = CustomCameraPhotoView;
			productName = CustomCameraPhotoView;
			productReference = 9976BB52273D044C0076FD42 /* CustomCameraPhotoView.app */;
			productType = "com.apple.product-type.application";
		};
		9976BB61273D04510076FD42 /* CustomCameraPhotoViewTests */ = {
			isa = PBXNativeTarget;
			buildConfigurationList = 9976BB79273D04510076FD42 /* Build configuration list for PBXNativeTarget "CustomCameraPhotoViewTests" */;
			buildPhases = (
				9976BB5E273D04510076FD42 /* Sources */,
				9976BB5F273D04510076FD42 /* Frameworks */,
				9976BB60273D04510076FD42 /* Resources */,
			);
			buildRules = (
			);
			dependencies = (
				9976BB64273D04510076FD42 /* PBXTargetDependency */,
			);
			name = CustomCameraPhotoViewTests;
			productName = CustomCameraPhotoViewTests;
			productReference = 9976BB62273D04510076FD42 /* CustomCameraPhotoViewTests.xctest */;
			productType = "com.apple.product-type.bundle.unit-test";
		};
		9976BB6B273D04510076FD42 /* CustomCameraPhotoViewUITests */ = {
			isa = PBXNativeTarget;
			buildConfigurationList = 9976BB7C273D04510076FD42 /* Build configuration list for PBXNativeTarget "CustomCameraPhotoViewUITests" */;
			buildPhases = (
				9976BB68273D04510076FD42 /* Sources */,
				9976BB69273D04510076FD42 /* Frameworks */,
				9976BB6A273D04510076FD42 /* Resources */,
			);
			buildRules = (
			);
			dependencies = (
				9976BB6E273D04510076FD42 /* PBXTargetDependency */,
			);
			name = CustomCameraPhotoViewUITests;
			productName = CustomCameraPhotoViewUITests;
			productReference = 9976BB6C273D04510076FD42 /* CustomCameraPhotoViewUITests.xctest */;
			productType = "com.apple.product-type.bundle.ui-testing";
		};
/* End PBXNativeTarget section */

/* Begin PBXProject section */
		9976BB4A273D044C0076FD42 /* Project object */ = {
			isa = PBXProject;
			attributes = {
				BuildIndependentTargetsInParallel = 1;
				LastSwiftUpdateCheck = 1310;
				LastUpgradeCheck = 1310;
				TargetAttributes = {
					9976BB51273D044C0076FD42 = {
						CreatedOnToolsVersion = 13.1;
					};
					9976BB61273D04510076FD42 = {
						CreatedOnToolsVersion = 13.1;
						TestTargetID = 9976BB51273D044C0076FD42;
					};
					9976BB6B273D04510076FD42 = {
						CreatedOnToolsVersion = 13.1;
						TestTargetID = 9976BB51273D044C0076FD42;
					};
				};
			};
			buildConfigurationList = 9976BB4D273D044C0076FD42 /* Build configuration list for PBXProject "CustomCameraPhotoView" */;
			compatibilityVersion = "Xcode 13.0";
			developmentRegion = en;
			hasScannedForEncodings = 0;
			knownRegions = (
				en,
				Base,
			);
			mainGroup = 9976BB49273D044C0076FD42;
			productRefGroup = 9976BB53273D044C0076FD42 /* Products */;
			projectDirPath = "";
			projectRoot = "";
			targets = (
				9976BB51273D044C0076FD42 /* CustomCameraPhotoView */,
				9976BB61273D04510076FD42 /* CustomCameraPhotoViewTests */,
				9976BB6B273D04510076FD42 /* CustomCameraPhotoViewUITests */,
			);
		};
/* End PBXProject section */

/* Begin PBXResourcesBuildPhase section */
		9976BB50273D044C0076FD42 /* Resources */ = {
			isa = PBXResourcesBuildPhase;
			buildActionMask = 2147483647;
			files = (
				9976BB5D273D04500076FD42 /* Preview Assets.xcassets in Resources */,
				9976BB5A273D04500076FD42 /* Assets.xcassets in Resources */,
			);
			runOnlyForDeploymentPostprocessing = 0;
		};
		9976BB60273D04510076FD42 /* Resources */ = {
			isa = PBXResourcesBuildPhase;
			buildActionMask = 2147483647;
			files = (
			);
			runOnlyForDeploymentPostprocessing = 0;
		};
		9976BB6A273D04510076FD42 /* Resources */ = {
			isa = PBXResourcesBuildPhase;
			buildActionMask = 2147483647;
			files = (
			);
			runOnlyForDeploymentPostprocessing = 0;
		};
/* End PBXResourcesBuildPhase section */

/* Begin PBXSourcesBuildPhase section */
		9976BB4E273D044C0076FD42 /* Sources */ = {
			isa = PBXSourcesBuildPhase;
			buildActionMask = 2147483647;
			files = (
				9976BB58273D044C0076FD42 /* ContentView.swift in Sources */,
				9976BB56273D044C0076FD42 /* CustomCameraPhotoViewApp.swift in Sources */,
			);
			runOnlyForDeploymentPostprocessing = 0;
		};
		9976BB5E273D04510076FD42 /* Sources */ = {
			isa = PBXSourcesBuildPhase;
			buildActionMask = 2147483647;
			files = (
				9976BB67273D04510076FD42 /* CustomCameraPhotoViewTests.swift in Sources */,
			);
			runOnlyForDeploymentPostprocessing = 0;
		};
		9976BB68273D04510076FD42 /* Sources */ = {
			isa = PBXSourcesBuildPhase;
			buildActionMask = 2147483647;
			files = (
				9976BB73273D04510076FD42 /* CustomCameraPhotoViewUITestsLaunchTests.swift in Sources */,
				9976BB71273D04510076FD42 /* CustomCameraPhotoViewUITests.swift in Sources */,
			);
			runOnlyForDeploymentPostprocessing = 0;
		};
/* End PBXSourcesBuildPhase section */

/* Begin PBXTargetDependency section */
		9976BB64273D04510076FD42 /* PBXTargetDependency */ = {
			isa = PBXTargetDependency;
			target = 9976BB51273D044C0076FD42 /* CustomCameraPhotoView */;
			targetProxy = 9976BB63273D04510076FD42 /* PBXContainerItemProxy */;
		};
		9976BB6E273D04510076FD42 /* PBXTargetDependency */ = {
			isa = PBXTargetDependency;
			target = 9976BB51273D044C0076FD42 /* CustomCameraPhotoView */;
			targetProxy = 9976BB6D273D04510076FD42 /* PBXContainerItemProxy */;
		};
/* End PBXTargetDependency section */

/* Begin XCBuildConfiguration section */
		9976BB74273D04510076FD42 /* Debug */ = {
			isa = XCBuildConfiguration;
			buildSettings = {
				ALWAYS_SEARCH_USER_PATHS = NO;
				CLANG_ANALYZER_NONNULL = YES;
				CLANG_ANALYZER_NUMBER_OBJECT_CONVERSION = YES_AGGRESSIVE;
				CLANG_CXX_LANGUAGE_STANDARD = "gnu++17";
				CLANG_CXX_LIBRARY = "libc++";
				CLANG_ENABLE_MODULES = YES;
				CLANG_ENABLE_OBJC_ARC = YES;
				CLANG_ENABLE_OBJC_WEAK = YES;
				CLANG_WARN_BLOCK_CAPTURE_AUTORELEASING = YES;
				CLANG_WARN_BOOL_CONVERSION = YES;
				CLANG_WARN_COMMA = YES;
				CLANG_WARN_CONSTANT_CONVERSION = YES;
				CLANG_WARN_DEPRECATED_OBJC_IMPLEMENTATIONS = YES;
				CLANG_WARN_DIRECT_OBJC_ISA_USAGE = YES_ERROR;
				CLANG_WARN_DOCUMENTATION_COMMENTS = YES;
				CLANG_WARN_EMPTY_BODY = YES;
				CLANG_WARN_ENUM_CONVERSION = YES;
				CLANG_WARN_INFINITE_RECURSION = YES;
				CLANG_WARN_INT_CONVERSION = YES;
				CLANG_WARN_NON_LITERAL_NULL_CONVERSION = YES;
				CLANG_WARN_OBJC_IMPLICIT_RETAIN_SELF = YES;
				CLANG_WARN_OBJC_LITERAL_CONVERSION = YES;
				CLANG_WARN_OBJC_ROOT_CLASS = YES_ERROR;
				CLANG_WARN_QUOTED_INCLUDE_IN_FRAMEWORK_HEADER = YES;
				CLANG_WARN_RANGE_LOOP_ANALYSIS = YES;
				CLANG_WARN_STRICT_PROTOTYPES = YES;
				CLANG_WARN_SUSPICIOUS_MOVE = YES;
				CLANG_WARN_UNGUARDED_AVAILABILITY = YES_AGGRESSIVE;
				CLANG_WARN_UNREACHABLE_CODE = YES;
				CLANG_WARN__DUPLICATE_METHOD_MATCH = YES;
				COPY_PHASE_STRIP = NO;
				DEBUG_INFORMATION_FORMAT = dwarf;
				ENABLE_STRICT_OBJC_MSGSEND = YES;
				ENABLE_TESTABILITY = YES;
				GCC_C_LANGUAGE_STANDARD = gnu11;
				GCC_DYNAMIC_NO_PIC = NO;
				GCC_NO_COMMON_BLOCKS = YES;
				GCC_OPTIMIZATION_LEVEL = 0;
				GCC_PREPROCESSOR_DEFINITIONS = (
					"DEBUG=1",
					"$(inherited)",
				);
				GCC_WARN_64_TO_32_BIT_CONVERSION = YES;
				GCC_WARN_ABOUT_RETURN_TYPE = YES_ERROR;
				GCC_WARN_UNDECLARED_SELECTOR = YES;
				GCC_WARN_UNINITIALIZED_AUTOS = YES_AGGRESSIVE;
				GCC_WARN_UNUSED_FUNCTION = YES;
				GCC_WARN_UNUSED_VARIABLE = YES;
				IPHONEOS_DEPLOYMENT_TARGET = 15.0;
				MTL_ENABLE_DEBUG_INFO = INCLUDE_SOURCE;
				MTL_FAST_MATH = YES;
				ONLY_ACTIVE_ARCH = YES;
				SDKROOT = iphoneos;
				SWIFT_ACTIVE_COMPILATION_CONDITIONS = DEBUG;
				SWIFT_OPTIMIZATION_LEVEL = "-Onone";
			};
			name = Debug;
		};
		9976BB75273D04510076FD42 /* Release */ = {
			isa = XCBuildConfiguration;
			buildSettings = {
				ALWAYS_SEARCH_USER_PATHS = NO;
				CLANG_ANALYZER_NONNULL = YES;
				CLANG_ANALYZER_NUMBER_OBJECT_CONVERSION = YES_AGGRESSIVE;
				CLANG_CXX_LANGUAGE_STANDARD = "gnu++17";
				CLANG_CXX_LIBRARY = "libc++";
				CLANG_ENABLE_MODULES = YES;
				CLANG_ENABLE_OBJC_ARC = YES;
				CLANG_ENABLE_OBJC_WEAK = YES;
				CLANG_WARN_BLOCK_CAPTURE_AUTORELEASING = YES;
				CLANG_WARN_BOOL_CONVERSION = YES;
				CLANG_WARN_COMMA = YES;
				CLANG_WARN_CONSTANT_CONVERSION = YES;
				CLANG_WARN_DEPRECATED_OBJC_IMPLEMENTATIONS = YES;
				CLANG_WARN_DIRECT_OBJC_ISA_USAGE = YES_ERROR;
				CLANG_WARN_DOCUMENTATION_COMMENTS = YES;
				CLANG_WARN_EMPTY_BODY = YES;
				CLANG_WARN_ENUM_CONVERSION = YES;
				CLANG_WARN_INFINITE_RECURSION = YES;
				CLANG_WARN_INT_CONVERSION = YES;
				CLANG_WARN_NON_LITERAL_NULL_CONVERSION = YES;
				CLANG_WARN_OBJC_IMPLICIT_RETAIN_SELF = YES;
				CLANG_WARN_OBJC_LITERAL_CONVERSION = YES;
				CLANG_WARN_OBJC_ROOT_CLASS = YES_ERROR;
				CLANG_WARN_QUOTED_INCLUDE_IN_FRAMEWORK_HEADER = YES;
				CLANG_WARN_RANGE_LOOP_ANALYSIS = YES;
				CLANG_WARN_STRICT_PROTOTYPES = YES;
				CLANG_WARN_SUSPICIOUS_MOVE = YES;
				CLANG_WARN_UNGUARDED_AVAILABILITY = YES_AGGRESSIVE;
				CLANG_WARN_UNREACHABLE_CODE = YES;
				CLANG_WARN__DUPLICATE_METHOD_MATCH = YES;
				COPY_PHASE_STRIP = NO;
				DEBUG_INFORMATION_FORMAT = "dwarf-with-dsym";
				ENABLE_NS_ASSERTIONS = NO;
				ENABLE_STRICT_OBJC_MSGSEND = YES;
				GCC_C_LANGUAGE_STANDARD = gnu11;
				GCC_NO_COMMON_BLOCKS = YES;
				GCC_WARN_64_TO_32_BIT_CONVERSION = YES;
				GCC_WARN_ABOUT_RETURN_TYPE = YES_ERROR;
				GCC_WARN_UNDECLARED_SELECTOR = YES;
				GCC_WARN_UNINITIALIZED_AUTOS = YES_AGGRESSIVE;
				GCC_WARN_UNUSED_FUNCTION = YES;
				GCC_WARN_UNUSED_VARIABLE = YES;
				IPHONEOS_DEPLOYMENT_TARGET = 15.0;
				MTL_ENABLE_DEBUG_INFO = NO;
				MTL_FAST_MATH = YES;
				SDKROOT = iphoneos;
				SWIFT_COMPILATION_MODE = wholemodule;
				SWIFT_OPTIMIZATION_LEVEL = "-O";
				VALIDATE_PRODUCT = YES;
			};
			name = Release;
		};
		9976BB77273D04510076FD42 /* Debug */ = {
			isa = XCBuildConfiguration;
			buildSettings = {
				ASSETCATALOG_COMPILER_APPICON_NAME = AppIcon;
				ASSETCATALOG_COMPILER_GLOBAL_ACCENT_COLOR_NAME = AccentColor;
				CODE_SIGN_STYLE = Automatic;
				CURRENT_PROJECT_VERSION = 1;
				DEVELOPMENT_ASSET_PATHS = "\"CustomCameraPhotoView/Preview Content\"";
				DEVELOPMENT_TEAM = S67GD4399F;
				ENABLE_PREVIEWS = YES;
				GENERATE_INFOPLIST_FILE = YES;
				INFOPLIST_KEY_NSCameraUsageDescription = "";
				INFOPLIST_KEY_UIApplicationSceneManifest_Generation = YES;
				INFOPLIST_KEY_UIApplicationSupportsIndirectInputEvents = YES;
				INFOPLIST_KEY_UILaunchScreen_Generation = YES;
				INFOPLIST_KEY_UISupportedInterfaceOrientations_iPad = "UIInterfaceOrientationPortrait UIInterfaceOrientationPortraitUpsideDown UIInterfaceOrientationLandscapeLeft UIInterfaceOrientationLandscapeRight";
				INFOPLIST_KEY_UISupportedInterfaceOrientations_iPhone = "UIInterfaceOrientationPortrait UIInterfaceOrientationLandscapeLeft UIInterfaceOrientationLandscapeRight";
				IPHONEOS_DEPLOYMENT_TARGET = 14.7;
				LD_RUNPATH_SEARCH_PATHS = (
					"$(inherited)",
					"@executable_path/Frameworks",
				);
				MARKETING_VERSION = 1.0;
				PRODUCT_BUNDLE_IDENTIFIER = kb.CustomCameraPhotoView;
				PRODUCT_NAME = "$(TARGET_NAME)";
				SWIFT_EMIT_LOC_STRINGS = YES;
				SWIFT_VERSION = 5.0;
				TARGETED_DEVICE_FAMILY = "1,2";
			};
			name = Debug;
		};
		9976BB78273D04510076FD42 /* Release */ = {
			isa = XCBuildConfiguration;
			buildSettings = {
				ASSETCATALOG_COMPILER_APPICON_NAME = AppIcon;
				ASSETCATALOG_COMPILER_GLOBAL_ACCENT_COLOR_NAME = AccentColor;
				CODE_SIGN_STYLE = Automatic;
				CURRENT_PROJECT_VERSION = 1;
				DEVELOPMENT_ASSET_PATHS = "\"CustomCameraPhotoView/Preview Content\"";
				DEVELOPMENT_TEAM = S67GD4399F;
				ENABLE_PREVIEWS = YES;
				GENERATE_INFOPLIST_FILE = YES;
				INFOPLIST_KEY_NSCameraUsageDescription = "";
				INFOPLIST_KEY_UIApplicationSceneManifest_Generation = YES;
				INFOPLIST_KEY_UIApplicationSupportsIndirectInputEvents = YES;
				INFOPLIST_KEY_UILaunchScreen_Generation = YES;
				INFOPLIST_KEY_UISupportedInterfaceOrientations_iPad = "UIInterfaceOrientationPortrait UIInterfaceOrientationPortraitUpsideDown UIInterfaceOrientationLandscapeLeft UIInterfaceOrientationLandscapeRight";
				INFOPLIST_KEY_UISupportedInterfaceOrientations_iPhone = "UIInterfaceOrientationPortrait UIInterfaceOrientationLandscapeLeft UIInterfaceOrientationLandscapeRight";
				IPHONEOS_DEPLOYMENT_TARGET = 14.7;
				LD_RUNPATH_SEARCH_PATHS = (
					"$(inherited)",
					"@executable_path/Frameworks",
				);
				MARKETING_VERSION = 1.0;
				PRODUCT_BUNDLE_IDENTIFIER = kb.CustomCameraPhotoView;
				PRODUCT_NAME = "$(TARGET_NAME)";
				SWIFT_EMIT_LOC_STRINGS = YES;
				SWIFT_VERSION = 5.0;
				TARGETED_DEVICE_FAMILY = "1,2";
			};
			name = Release;
		};
		9976BB7A273D04510076FD42 /* Debug */ = {
			isa = XCBuildConfiguration;
			buildSettings = {
				ALWAYS_EMBED_SWIFT_STANDARD_LIBRARIES = YES;
				BUNDLE_LOADER = "$(TEST_HOST)";
				CODE_SIGN_STYLE = Automatic;
				CURRENT_PROJECT_VERSION = 1;
				DEVELOPMENT_TEAM = S67GD4399F;
				GENERATE_INFOPLIST_FILE = YES;
				IPHONEOS_DEPLOYMENT_TARGET = 15.0;
				LD_RUNPATH_SEARCH_PATHS = (
					"$(inherited)",
					"@executable_path/Frameworks",
					"@loader_path/Frameworks",
				);
				MARKETING_VERSION = 1.0;
				PRODUCT_BUNDLE_IDENTIFIER = kb.CustomCameraPhotoViewTests;
				PRODUCT_NAME = "$(TARGET_NAME)";
				SWIFT_EMIT_LOC_STRINGS = NO;
				SWIFT_VERSION = 5.0;
				TARGETED_DEVICE_FAMILY = "1,2";
				TEST_HOST = "$(BUILT_PRODUCTS_DIR)/CustomCameraPhotoView.app/CustomCameraPhotoView";
			};
			name = Debug;
		};
		9976BB7B273D04510076FD42 /* Release */ = {
			isa = XCBuildConfiguration;
			buildSettings = {
				ALWAYS_EMBED_SWIFT_STANDARD_LIBRARIES = YES;
				BUNDLE_LOADER = "$(TEST_HOST)";
				CODE_SIGN_STYLE = Automatic;
				CURRENT_PROJECT_VERSION = 1;
				DEVELOPMENT_TEAM = S67GD4399F;
				GENERATE_INFOPLIST_FILE = YES;
				IPHONEOS_DEPLOYMENT_TARGET = 15.0;
				LD_RUNPATH_SEARCH_PATHS = (
					"$(inherited)",
					"@executable_path/Frameworks",
					"@loader_path/Frameworks",
				);
				MARKETING_VERSION = 1.0;
				PRODUCT_BUNDLE_IDENTIFIER = kb.CustomCameraPhotoViewTests;
				PRODUCT_NAME = "$(TARGET_NAME)";
				SWIFT_EMIT_LOC_STRINGS = NO;
				SWIFT_VERSION = 5.0;
				TARGETED_DEVICE_FAMILY = "1,2";
				TEST_HOST = "$(BUILT_PRODUCTS_DIR)/CustomCameraPhotoView.app/CustomCameraPhotoView";
			};
			name = Release;
		};
		9976BB7D273D04510076FD42 /* Debug */ = {
			isa = XCBuildConfiguration;
			buildSettings = {
				ALWAYS_EMBED_SWIFT_STANDARD_LIBRARIES = YES;
				CODE_SIGN_STYLE = Automatic;
				CURRENT_PROJECT_VERSION = 1;
				DEVELOPMENT_TEAM = S67GD4399F;
				GENERATE_INFOPLIST_FILE = YES;
				LD_RUNPATH_SEARCH_PATHS = (
					"$(inherited)",
					"@executable_path/Frameworks",
					"@loader_path/Frameworks",
				);
				MARKETING_VERSION = 1.0;
				PRODUCT_BUNDLE_IDENTIFIER = kb.CustomCameraPhotoViewUITests;
				PRODUCT_NAME = "$(TARGET_NAME)";
				SWIFT_EMIT_LOC_STRINGS = NO;
				SWIFT_VERSION = 5.0;
				TARGETED_DEVICE_FAMILY = "1,2";
				TEST_TARGET_NAME = CustomCameraPhotoView;
			};
			name = Debug;
		};
		9976BB7E273D04510076FD42 /* Release */ = {
			isa = XCBuildConfiguration;
			buildSettings = {
				ALWAYS_EMBED_SWIFT_STANDARD_LIBRARIES = YES;
				CODE_SIGN_STYLE = Automatic;
				CURRENT_PROJECT_VERSION = 1;
				DEVELOPMENT_TEAM = S67GD4399F;
				GENERATE_INFOPLIST_FILE = YES;
				LD_RUNPATH_SEARCH_PATHS = (
					"$(inherited)",
					"@executable_path/Frameworks",
					"@loader_path/Frameworks",
				);
				MARKETING_VERSION = 1.0;
				PRODUCT_BUNDLE_IDENTIFIER = kb.CustomCameraPhotoViewUITests;
				PRODUCT_NAME = "$(TARGET_NAME)";
				SWIFT_EMIT_LOC_STRINGS = NO;
				SWIFT_VERSION = 5.0;
				TARGETED_DEVICE_FAMILY = "1,2";
				TEST_TARGET_NAME = CustomCameraPhotoView;
			};
			name = Release;
		};
/* End XCBuildConfiguration section */

/* Begin XCConfigurationList section */
		9976BB4D273D044C0076FD42 /* Build configuration list for PBXProject "CustomCameraPhotoView" */ = {
			isa = XCConfigurationList;
			buildConfigurations = (
				9976BB74273D04510076FD42 /* Debug */,
				9976BB75273D04510076FD42 /* Release */,
			);
			defaultConfigurationIsVisible = 0;
			defaultConfigurationName = Release;
		};
		9976BB76273D04510076FD42 /* Build configuration list for PBXNativeTarget "CustomCameraPhotoView" */ = {
			isa = XCConfigurationList;
			buildConfigurations = (
				9976BB77273D04510076FD42 /* Debug */,
				9976BB78273D04510076FD42 /* Release */,
			);
			defaultConfigurationIsVisible = 0;
			defaultConfigurationName = Release;
		};
		9976BB79273D04510076FD42 /* Build configuration list for PBXNativeTarget "CustomCameraPhotoViewTests" */ = {
			isa = XCConfigurationList;
			buildConfigurations = (
				9976BB7A273D04510076FD42 /* Debug */,
				9976BB7B273D04510076FD42 /* Release */,
			);
			defaultConfigurationIsVisible = 0;
			defaultConfigurationName = Release;
		};
		9976BB7C273D04510076FD42 /* Build configuration list for PBXNativeTarget "CustomCameraPhotoViewUITests" */ = {
			isa = XCConfigurationList;
			buildConfigurations = (
				9976BB7D273D04510076FD42 /* Debug */,
				9976BB7E273D04510076FD42 /* Release */,
			);
			defaultConfigurationIsVisible = 0;
			defaultConfigurationName = Release;
		};
/* End XCConfigurationList section */
	};
	rootObject = 9976BB4A273D044C0076FD42 /* Project object */;
}
